
Microsoft Visual Studio Solution File, Format Version 12.00
# Visual Studio Version 16
VisualStudioVersion = 16.0.30804.86
MinimumVisualStudioVersion = 10.0.40219.1
Project("{9A19103F-16F7-4668-BE54-9A1E7A4F7556}") = "BlogApp.WebUI", "BlogApp.WebUI\BlogApp.WebUI.csproj", "{849A98BD-8F80-475A-87A1-5E061CC67A66}"
EndProject
Project("{9A19103F-16F7-4668-BE54-9A1E7A4F7556}") = "BlogApp.Entity", "BlogApp.Entity\BlogApp.Entity.csproj", "{9B7F01C4-D02A-4669-84CA-8300B58CF48D}"
EndProject
Project("{9A19103F-16F7-4668-BE54-9A1E7A4F7556}") = "BlogApp.Data", "BlogApp\BlogApp.Data.csproj", "{606BA2CB-531C-43F2-896D-C4E2940E0042}"
EndProject
Global
	GlobalSection(SolutionConfigurationPlatforms) = preSolution
		Debug|Any CPU = Debug|Any CPU
		Release|Any CPU = Release|Any CPU
	EndGlobalSection
	GlobalSection(ProjectConfigurationPlatforms) = postSolution
		{849A98BD-8F80-475A-87A1-5E061CC67A66}.Debug|Any CPU.ActiveCfg = Debug|Any CPU
		{849A98BD-8F80-475A-87A1-5E061CC67A66}.Debug|Any CPU.Build.0 = Debug|Any CPU
		{849A98BD-8F80-475A-87A1-5E061CC67A66}.Release|Any CPU.ActiveCfg = Release|Any CPU
		{849A98BD-8F80-475A-87A1-5E061CC67A66}.Release|Any CPU.Build.0 = Release|Any CPU
		{9B7F01C4-D02A-4669-84CA-8300B58CF48D}.Debug|Any CPU.ActiveCfg = Debug|Any CPU
		{9B7F01C4-D02A-4669-84CA-8300B58CF48D}.Debug|Any CPU.Build.0 = Debug|Any CPU
		{9B7F01C4-D02A-4669-84CA-8300B58CF48D}.Release|Any CPU.ActiveCfg = Release|Any CPU
		{9B7F01C4-D02A-4669-84CA-8300B58CF48D}.Release|Any CPU.Build.0 = Release|Any CPU
		{606BA2CB-531C-43F2-896D-C4E2940E0042}.Debug|Any CPU.ActiveCfg = Debug|Any CPU
		{606BA2CB-531C-43F2-896D-C4E2940E0042}.Debug|Any CPU.Build.0 = Debug|Any CPU
		{606BA2CB-531C-43F2-896D-C4E2940E0042}.Release|Any CPU.ActiveCfg = Release|Any CPU
		{606BA2CB-531C-43F2-896D-C4E2940E0042}.Release|Any CPU.Build.0 = Release|Any CPU
	EndGlobalSection
	GlobalSection(SolutionProperties) = preSolution
		HideSolutionNode = FALSE
	EndGlobalSection
	GlobalSection(ExtensibilityGlobals) = postSolution
		SolutionGuid = {7A8242E4-C274-4CF7-B378-4DB7B88496AF}
	EndGlobalSection
EndGlobal
